// !$*UTF8*$!
{
	archiveVersion = 1;
	classes = {
	};
	objectVersion = 50;
	objects = {

/* Begin PBXBuildFile section */
		5C690D42DC7BD96E7804B16D /* Pods_Flint.framework in Frameworks */ = {isa = PBXBuildFile; fileRef = 04118CE1FE654A7A3A438E6A /* Pods_Flint.framework */; };
		8CA25F8121F5207600F05F99 /* AppDelegate.swift in Sources */ = {isa = PBXBuildFile; fileRef = 8CA25F8021F5207600F05F99 /* AppDelegate.swift */; };
		8CA25F8321F5207600F05F99 /* MatchScreenVC.swift in Sources */ = {isa = PBXBuildFile; fileRef = 8CA25F8221F5207600F05F99 /* MatchScreenVC.swift */; };
		8CA25F8621F5207600F05F99 /* Main.storyboard in Resources */ = {isa = PBXBuildFile; fileRef = 8CA25F8421F5207600F05F99 /* Main.storyboard */; };
		8CA25F8821F5207700F05F99 /* Assets.xcassets in Resources */ = {isa = PBXBuildFile; fileRef = 8CA25F8721F5207700F05F99 /* Assets.xcassets */; };
		8CA25F8B21F5207700F05F99 /* LaunchScreen.storyboard in Resources */ = {isa = PBXBuildFile; fileRef = 8CA25F8921F5207700F05F99 /* LaunchScreen.storyboard */; };
		8CDDB29521FD6476004A5795 /* LoginScreenVC.swift in Sources */ = {isa = PBXBuildFile; fileRef = 8CDDB29421FD6476004A5795 /* LoginScreenVC.swift */; };
		8CDDB29721FD648C004A5795 /* Coordinator.swift in Sources */ = {isa = PBXBuildFile; fileRef = 8CDDB29621FD648C004A5795 /* Coordinator.swift */; };
		8CDDB29921FD64C7004A5795 /* Storyboarded.swift in Sources */ = {isa = PBXBuildFile; fileRef = 8CDDB29821FD64C7004A5795 /* Storyboarded.swift */; };
		8CDDB29B21FD658F004A5795 /* MainCoordinator.swift in Sources */ = {isa = PBXBuildFile; fileRef = 8CDDB29A21FD658F004A5795 /* MainCoordinator.swift */; };
		8CDDB29D21FD6911004A5795 /* Colors.swift in Sources */ = {isa = PBXBuildFile; fileRef = 8CDDB29C21FD6911004A5795 /* Colors.swift */; };
		8CDDB29F21FD751E004A5795 /* UIView+Extension.swift in Sources */ = {isa = PBXBuildFile; fileRef = 8CDDB29E21FD751E004A5795 /* UIView+Extension.swift */; };
		8CDDB2A121FD7F8B004A5795 /* LeagueSpartan-Bold.otf in Resources */ = {isa = PBXBuildFile; fileRef = 8CDDB2A021FD7F8B004A5795 /* LeagueSpartan-Bold.otf */; };
		8CDDB2A421FD907E004A5795 /* Amatic-Bold.ttf in Resources */ = {isa = PBXBuildFile; fileRef = 8CDDB2A221FD907E004A5795 /* Amatic-Bold.ttf */; };
		8CDDB2A521FD907E004A5795 /* AmaticSC-Regular.ttf in Resources */ = {isa = PBXBuildFile; fileRef = 8CDDB2A321FD907E004A5795 /* AmaticSC-Regular.ttf */; };
		8CE19FE621FD960C00711DEC /* DarkTextField.swift in Sources */ = {isa = PBXBuildFile; fileRef = 8CE19FE521FD960C00711DEC /* DarkTextField.swift */; };
		8CE19FE821FD9F7500711DEC /* UIViewController+Extension.swift in Sources */ = {isa = PBXBuildFile; fileRef = 8CE19FE721FD9F7500711DEC /* UIViewController+Extension.swift */; };
/* End PBXBuildFile section */

/* Begin PBXFileReference section */
		04118CE1FE654A7A3A438E6A /* Pods_Flint.framework */ = {isa = PBXFileReference; explicitFileType = wrapper.framework; includeInIndex = 0; path = Pods_Flint.framework; sourceTree = BUILT_PRODUCTS_DIR; };
		11C61858C58FD276B389D4B8 /* Pods-Flint.debug.xcconfig */ = {isa = PBXFileReference; includeInIndex = 1; lastKnownFileType = text.xcconfig; name = "Pods-Flint.debug.xcconfig"; path = "Pods/Target Support Files/Pods-Flint/Pods-Flint.debug.xcconfig"; sourceTree = "<group>"; };
		8CA25F7D21F5207600F05F99 /* Flint.app */ = {isa = PBXFileReference; explicitFileType = wrapper.application; includeInIndex = 0; path = Flint.app; sourceTree = BUILT_PRODUCTS_DIR; };
		8CA25F8021F5207600F05F99 /* AppDelegate.swift */ = {isa = PBXFileReference; lastKnownFileType = sourcecode.swift; path = AppDelegate.swift; sourceTree = "<group>"; };
		8CA25F8221F5207600F05F99 /* MatchScreenVC.swift */ = {isa = PBXFileReference; lastKnownFileType = sourcecode.swift; path = MatchScreenVC.swift; sourceTree = "<group>"; };
		8CA25F8521F5207600F05F99 /* Base */ = {isa = PBXFileReference; lastKnownFileType = file.storyboard; name = Base; path = Base.lproj/Main.storyboard; sourceTree = "<group>"; };
		8CA25F8721F5207700F05F99 /* Assets.xcassets */ = {isa = PBXFileReference; lastKnownFileType = folder.assetcatalog; path = Assets.xcassets; sourceTree = "<group>"; };
		8CA25F8A21F5207700F05F99 /* Base */ = {isa = PBXFileReference; lastKnownFileType = file.storyboard; name = Base; path = Base.lproj/LaunchScreen.storyboard; sourceTree = "<group>"; };
		8CA25F8C21F5207700F05F99 /* Info.plist */ = {isa = PBXFileReference; lastKnownFileType = text.plist.xml; path = Info.plist; sourceTree = "<group>"; };
		8CDDB29421FD6476004A5795 /* LoginScreenVC.swift */ = {isa = PBXFileReference; lastKnownFileType = sourcecode.swift; path = LoginScreenVC.swift; sourceTree = "<group>"; };
		8CDDB29621FD648C004A5795 /* Coordinator.swift */ = {isa = PBXFileReference; lastKnownFileType = sourcecode.swift; path = Coordinator.swift; sourceTree = "<group>"; };
		8CDDB29821FD64C7004A5795 /* Storyboarded.swift */ = {isa = PBXFileReference; lastKnownFileType = sourcecode.swift; path = Storyboarded.swift; sourceTree = "<group>"; };
		8CDDB29A21FD658F004A5795 /* MainCoordinator.swift */ = {isa = PBXFileReference; lastKnownFileType = sourcecode.swift; path = MainCoordinator.swift; sourceTree = "<group>"; };
		8CDDB29C21FD6911004A5795 /* Colors.swift */ = {isa = PBXFileReference; lastKnownFileType = sourcecode.swift; path = Colors.swift; sourceTree = "<group>"; };
		8CDDB29E21FD751E004A5795 /* UIView+Extension.swift */ = {isa = PBXFileReference; lastKnownFileType = sourcecode.swift; path = "UIView+Extension.swift"; sourceTree = "<group>"; };
		8CDDB2A021FD7F8B004A5795 /* LeagueSpartan-Bold.otf */ = {isa = PBXFileReference; lastKnownFileType = file; path = "LeagueSpartan-Bold.otf"; sourceTree = "<group>"; };
		8CDDB2A221FD907E004A5795 /* Amatic-Bold.ttf */ = {isa = PBXFileReference; lastKnownFileType = file; path = "Amatic-Bold.ttf"; sourceTree = "<group>"; };
		8CDDB2A321FD907E004A5795 /* AmaticSC-Regular.ttf */ = {isa = PBXFileReference; lastKnownFileType = file; path = "AmaticSC-Regular.ttf"; sourceTree = "<group>"; };
		8CE19FE521FD960C00711DEC /* DarkTextField.swift */ = {isa = PBXFileReference; lastKnownFileType = sourcecode.swift; path = DarkTextField.swift; sourceTree = "<group>"; };
		8CE19FE721FD9F7500711DEC /* UIViewController+Extension.swift */ = {isa = PBXFileReference; lastKnownFileType = sourcecode.swift; path = "UIViewController+Extension.swift"; sourceTree = "<group>"; };
		92878BF17DB97EA727373466 /* Pods-Flint.release.xcconfig */ = {isa = PBXFileReference; includeInIndex = 1; lastKnownFileType = text.xcconfig; name = "Pods-Flint.release.xcconfig"; path = "Pods/Target Support Files/Pods-Flint/Pods-Flint.release.xcconfig"; sourceTree = "<group>"; };
/* End PBXFileReference section */

/* Begin PBXFrameworksBuildPhase section */
		8CA25F7A21F5207500F05F99 /* Frameworks */ = {
			isa = PBXFrameworksBuildPhase;
			buildActionMask = 2147483647;
			files = (
				5C690D42DC7BD96E7804B16D /* Pods_Flint.framework in Frameworks */,
			);
			runOnlyForDeploymentPostprocessing = 0;
		};
/* End PBXFrameworksBuildPhase section */

/* Begin PBXGroup section */
		8CA25F7421F5207500F05F99 = {
			isa = PBXGroup;
			children = (
				8CA25F7F21F5207600F05F99 /* Flint */,
				8CA25F7E21F5207600F05F99 /* Products */,
				A9E2CC37430DAF8C33B9ED7A /* Pods */,
				B1A8D9F9B4609FE3C07A8368 /* Frameworks */,
			);
			sourceTree = "<group>";
		};
		8CA25F7E21F5207600F05F99 /* Products */ = {
			isa = PBXGroup;
			children = (
				8CA25F7D21F5207600F05F99 /* Flint.app */,
			);
			name = Products;
			sourceTree = "<group>";
		};
		8CA25F7F21F5207600F05F99 /* Flint */ = {
			isa = PBXGroup;
			children = (
				8CA25F8021F5207600F05F99 /* AppDelegate.swift */,
				8CDDB29821FD64C7004A5795 /* Storyboarded.swift */,
				8CDDB29621FD648C004A5795 /* Coordinator.swift */,
				8CDDB29A21FD658F004A5795 /* MainCoordinator.swift */,
				8CDDB29421FD6476004A5795 /* LoginScreenVC.swift */,
				8CA25F8221F5207600F05F99 /* MatchScreenVC.swift */,
				8CA25F8421F5207600F05F99 /* Main.storyboard */,
				8CA25F8721F5207700F05F99 /* Assets.xcassets */,
				8CA25F8921F5207700F05F99 /* LaunchScreen.storyboard */,
				8CA25F8C21F5207700F05F99 /* Info.plist */,
				8CDDB2A221FD907E004A5795 /* Amatic-Bold.ttf */,
				8CDDB2A321FD907E004A5795 /* AmaticSC-Regular.ttf */,
				8CDDB2A021FD7F8B004A5795 /* LeagueSpartan-Bold.otf */,
				8CDDB29C21FD6911004A5795 /* Colors.swift */,
				8CE19FE521FD960C00711DEC /* DarkTextField.swift */,
				8CDDB29E21FD751E004A5795 /* UIView+Extension.swift */,
				8CE19FE721FD9F7500711DEC /* UIViewController+Extension.swift */,
			);
			path = Flint;
			sourceTree = "<group>";
		};
		A9E2CC37430DAF8C33B9ED7A /* Pods */ = {
			isa = PBXGroup;
			children = (
				11C61858C58FD276B389D4B8 /* Pods-Flint.debug.xcconfig */,
				92878BF17DB97EA727373466 /* Pods-Flint.release.xcconfig */,
			);
			name = Pods;
			sourceTree = "<group>";
		};
		B1A8D9F9B4609FE3C07A8368 /* Frameworks */ = {
			isa = PBXGroup;
			children = (
				04118CE1FE654A7A3A438E6A /* Pods_Flint.framework */,
			);
			name = Frameworks;
			sourceTree = "<group>";
		};
/* End PBXGroup section */

/* Begin PBXNativeTarget section */
		8CA25F7C21F5207500F05F99 /* Flint */ = {
			isa = PBXNativeTarget;
			buildConfigurationList = 8CA25F8F21F5207700F05F99 /* Build configuration list for PBXNativeTarget "Flint" */;
			buildPhases = (
				E6B6FE44B33F2BDA36465F02 /* [CP] Check Pods Manifest.lock */,
				8CA25F7921F5207500F05F99 /* Sources */,
				8CA25F7A21F5207500F05F99 /* Frameworks */,
				8CA25F7B21F5207500F05F99 /* Resources */,
				604036D26608E6E68A1B4B31 /* [CP] Embed Pods Frameworks */,
			);
			buildRules = (
			);
			dependencies = (
			);
			name = Flint;
			productName = Flint;
			productReference = 8CA25F7D21F5207600F05F99 /* Flint.app */;
			productType = "com.apple.product-type.application";
		};
/* End PBXNativeTarget section */

/* Begin PBXProject section */
		8CA25F7521F5207500F05F99 /* Project object */ = {
			isa = PBXProject;
			attributes = {
				LastSwiftUpdateCheck = 1010;
				LastUpgradeCheck = 1010;
				ORGANIZATIONNAME = "Charles Martin Reed";
				TargetAttributes = {
					8CA25F7C21F5207500F05F99 = {
						CreatedOnToolsVersion = 10.1;
					};
				};
			};
			buildConfigurationList = 8CA25F7821F5207500F05F99 /* Build configuration list for PBXProject "Flint" */;
			compatibilityVersion = "Xcode 9.3";
			developmentRegion = en;
			hasScannedForEncodings = 0;
			knownRegions = (
				en,
				Base,
			);
			mainGroup = 8CA25F7421F5207500F05F99;
			productRefGroup = 8CA25F7E21F5207600F05F99 /* Products */;
			projectDirPath = "";
			projectRoot = "";
			targets = (
				8CA25F7C21F5207500F05F99 /* Flint */,
			);
		};
/* End PBXProject section */

/* Begin PBXResourcesBuildPhase section */
		8CA25F7B21F5207500F05F99 /* Resources */ = {
			isa = PBXResourcesBuildPhase;
			buildActionMask = 2147483647;
			files = (
				8CA25F8B21F5207700F05F99 /* LaunchScreen.storyboard in Resources */,
				8CA25F8821F5207700F05F99 /* Assets.xcassets in Resources */,
				8CDDB2A521FD907E004A5795 /* AmaticSC-Regular.ttf in Resources */,
				8CDDB2A421FD907E004A5795 /* Amatic-Bold.ttf in Resources */,
				8CA25F8621F5207600F05F99 /* Main.storyboard in Resources */,
				8CDDB2A121FD7F8B004A5795 /* LeagueSpartan-Bold.otf in Resources */,
			);
			runOnlyForDeploymentPostprocessing = 0;
		};
/* End PBXResourcesBuildPhase section */

/* Begin PBXShellScriptBuildPhase section */
		604036D26608E6E68A1B4B31 /* [CP] Embed Pods Frameworks */ = {
			isa = PBXShellScriptBuildPhase;
			buildActionMask = 2147483647;
			files = (
			);
			inputPaths = (
				"${SRCROOT}/Pods/Target Support Files/Pods-Flint/Pods-Flint-frameworks.sh",
				"${BUILT_PRODUCTS_DIR}/Bolts/Bolts.framework",
				"${BUILT_PRODUCTS_DIR}/Parse/Parse.framework",
			);
			name = "[CP] Embed Pods Frameworks";
			outputPaths = (
				"${TARGET_BUILD_DIR}/${FRAMEWORKS_FOLDER_PATH}/Bolts.framework",
				"${TARGET_BUILD_DIR}/${FRAMEWORKS_FOLDER_PATH}/Parse.framework",
			);
			runOnlyForDeploymentPostprocessing = 0;
			shellPath = /bin/sh;
			shellScript = "\"${SRCROOT}/Pods/Target Support Files/Pods-Flint/Pods-Flint-frameworks.sh\"\n";
			showEnvVarsInLog = 0;
		};
		E6B6FE44B33F2BDA36465F02 /* [CP] Check Pods Manifest.lock */ = {
			isa = PBXShellScriptBuildPhase;
			buildActionMask = 2147483647;
			files = (
			);
			inputPaths = (
				"${PODS_PODFILE_DIR_PATH}/Podfile.lock",
				"${PODS_ROOT}/Manifest.lock",
			);
			name = "[CP] Check Pods Manifest.lock";
			outputPaths = (
				"$(DERIVED_FILE_DIR)/Pods-Flint-checkManifestLockResult.txt",
			);
			runOnlyForDeploymentPostprocessing = 0;
			shellPath = /bin/sh;
			shellScript = "diff \"${PODS_PODFILE_DIR_PATH}/Podfile.lock\" \"${PODS_ROOT}/Manifest.lock\" > /dev/null\nif [ $? != 0 ] ; then\n    # print error to STDERR\n    echo \"error: The sandbox is not in sync with the Podfile.lock. Run 'pod install' or update your CocoaPods installation.\" >&2\n    exit 1\nfi\n# This output is used by Xcode 'outputs' to avoid re-running this script phase.\necho \"SUCCESS\" > \"${SCRIPT_OUTPUT_FILE_0}\"\n";
			showEnvVarsInLog = 0;
		};
/* End PBXShellScriptBuildPhase section */

/* Begin PBXSourcesBuildPhase section */
		8CA25F7921F5207500F05F99 /* Sources */ = {
			isa = PBXSourcesBuildPhase;
			buildActionMask = 2147483647;
			files = (
				8CDDB29721FD648C004A5795 /* Coordinator.swift in Sources */,
				8CDDB29B21FD658F004A5795 /* MainCoordinator.swift in Sources */,
				8CDDB29F21FD751E004A5795 /* UIView+Extension.swift in Sources */,
				8CDDB29521FD6476004A5795 /* LoginScreenVC.swift in Sources */,
				8CDDB29D21FD6911004A5795 /* Colors.swift in Sources */,
				8CDDB29921FD64C7004A5795 /* Storyboarded.swift in Sources */,
				8CA25F8321F5207600F05F99 /* MatchScreenVC.swift in Sources */,
				8CE19FE621FD960C00711DEC /* DarkTextField.swift in Sources */,
				8CE19FE821FD9F7500711DEC /* UIViewController+Extension.swift in Sources */,
				8CA25F8121F5207600F05F99 /* AppDelegate.swift in Sources */,
			);
			runOnlyForDeploymentPostprocessing = 0;
		};
/* End PBXSourcesBuildPhase section */

/* Begin PBXVariantGroup section */
		8CA25F8421F5207600F05F99 /* Main.storyboard */ = {
			isa = PBXVariantGroup;
			children = (
				8CA25F8521F5207600F05F99 /* Base */,
			);
			name = Main.storyboard;
			sourceTree = "<group>";
		};
		8CA25F8921F5207700F05F99 /* LaunchScreen.storyboard */ = {
			isa = PBXVariantGroup;
			children = (
				8CA25F8A21F5207700F05F99 /* Base */,
			);
			name = LaunchScreen.storyboard;
			sourceTree = "<group>";
		};
/* End PBXVariantGroup section */

/* Begin XCBuildConfiguration section */
		8CA25F8D21F5207700F05F99 /* Debug */ = {
			isa = XCBuildConfiguration;
			buildSettings = {
				ALWAYS_SEARCH_USER_PATHS = NO;
				CLANG_ANALYZER_NONNULL = YES;
				CLANG_ANALYZER_NUMBER_OBJECT_CONVERSION = YES_AGGRESSIVE;
				CLANG_CXX_LANGUAGE_STANDARD = "gnu++14";
				CLANG_CXX_LIBRARY = "libc++";
				CLANG_ENABLE_MODULES = YES;
				CLANG_ENABLE_OBJC_ARC = YES;
				CLANG_ENABLE_OBJC_WEAK = YES;
				CLANG_WARN_BLOCK_CAPTURE_AUTORELEASING = YES;
				CLANG_WARN_BOOL_CONVERSION = YES;
				CLANG_WARN_COMMA = YES;
				CLANG_WARN_CONSTANT_CONVERSION = YES;
				CLANG_WARN_DEPRECATED_OBJC_IMPLEMENTATIONS = YES;
				CLANG_WARN_DIRECT_OBJC_ISA_USAGE = YES_ERROR;
				CLANG_WARN_DOCUMENTATION_COMMENTS = YES;
				CLANG_WARN_EMPTY_BODY = YES;
				CLANG_WARN_ENUM_CONVERSION = YES;
				CLANG_WARN_INFINITE_RECURSION = YES;
				CLANG_WARN_INT_CONVERSION = YES;
				CLANG_WARN_NON_LITERAL_NULL_CONVERSION = YES;
				CLANG_WARN_OBJC_IMPLICIT_RETAIN_SELF = YES;
				CLANG_WARN_OBJC_LITERAL_CONVERSION = YES;
				CLANG_WARN_OBJC_ROOT_CLASS = YES_ERROR;
				CLANG_WARN_RANGE_LOOP_ANALYSIS = YES;
				CLANG_WARN_STRICT_PROTOTYPES = YES;
				CLANG_WARN_SUSPICIOUS_MOVE = YES;
				CLANG_WARN_UNGUARDED_AVAILABILITY = YES_AGGRESSIVE;
				CLANG_WARN_UNREACHABLE_CODE = YES;
				CLANG_WARN__DUPLICATE_METHOD_MATCH = YES;
				CODE_SIGN_IDENTITY = "iPhone Developer";
				COPY_PHASE_STRIP = NO;
				DEBUG_INFORMATION_FORMAT = dwarf;
				ENABLE_STRICT_OBJC_MSGSEND = YES;
				ENABLE_TESTABILITY = YES;
				GCC_C_LANGUAGE_STANDARD = gnu11;
				GCC_DYNAMIC_NO_PIC = NO;
				GCC_NO_COMMON_BLOCKS = YES;
				GCC_OPTIMIZATION_LEVEL = 0;
				GCC_PREPROCESSOR_DEFINITIONS = (
					"DEBUG=1",
					"$(inherited)",
				);
				GCC_WARN_64_TO_32_BIT_CONVERSION = YES;
				GCC_WARN_ABOUT_RETURN_TYPE = YES_ERROR;
				GCC_WARN_UNDECLARED_SELECTOR = YES;
				GCC_WARN_UNINITIALIZED_AUTOS = YES_AGGRESSIVE;
				GCC_WARN_UNUSED_FUNCTION = YES;
				GCC_WARN_UNUSED_VARIABLE = YES;
				IPHONEOS_DEPLOYMENT_TARGET = 12.1;
				MTL_ENABLE_DEBUG_INFO = INCLUDE_SOURCE;
				MTL_FAST_MATH = YES;
				ONLY_ACTIVE_ARCH = YES;
				SDKROOT = iphoneos;
				SWIFT_ACTIVE_COMPILATION_CONDITIONS = DEBUG;
				SWIFT_OPTIMIZATION_LEVEL = "-Onone";
			};
			name = Debug;
		};
		8CA25F8E21F5207700F05F99 /* Release */ = {
			isa = XCBuildConfiguration;
			buildSettings = {
				ALWAYS_SEARCH_USER_PATHS = NO;
				CLANG_ANALYZER_NONNULL = YES;
				CLANG_ANALYZER_NUMBER_OBJECT_CONVERSION = YES_AGGRESSIVE;
				CLANG_CXX_LANGUAGE_STANDARD = "gnu++14";
				CLANG_CXX_LIBRARY = "libc++";
				CLANG_ENABLE_MODULES = YES;
				CLANG_ENABLE_OBJC_ARC = YES;
				CLANG_ENABLE_OBJC_WEAK = YES;
				CLANG_WARN_BLOCK_CAPTURE_AUTORELEASING = YES;
				CLANG_WARN_BOOL_CONVERSION = YES;
				CLANG_WARN_COMMA = YES;
				CLANG_WARN_CONSTANT_CONVERSION = YES;
				CLANG_WARN_DEPRECATED_OBJC_IMPLEMENTATIONS = YES;
				CLANG_WARN_DIRECT_OBJC_ISA_USAGE = YES_ERROR;
				CLANG_WARN_DOCUMENTATION_COMMENTS = YES;
				CLANG_WARN_EMPTY_BODY = YES;
				CLANG_WARN_ENUM_CONVERSION = YES;
				CLANG_WARN_INFINITE_RECURSION = YES;
				CLANG_WARN_INT_CONVERSION = YES;
				CLANG_WARN_NON_LITERAL_NULL_CONVERSION = YES;
				CLANG_WARN_OBJC_IMPLICIT_RETAIN_SELF = YES;
				CLANG_WARN_OBJC_LITERAL_CONVERSION = YES;
				CLANG_WARN_OBJC_ROOT_CLASS = YES_ERROR;
				CLANG_WARN_RANGE_LOOP_ANALYSIS = YES;
				CLANG_WARN_STRICT_PROTOTYPES = YES;
				CLANG_WARN_SUSPICIOUS_MOVE = YES;
				CLANG_WARN_UNGUARDED_AVAILABILITY = YES_AGGRESSIVE;
				CLANG_WARN_UNREACHABLE_CODE = YES;
				CLANG_WARN__DUPLICATE_METHOD_MATCH = YES;
				CODE_SIGN_IDENTITY = "iPhone Developer";
				COPY_PHASE_STRIP = NO;
				DEBUG_INFORMATION_FORMAT = "dwarf-with-dsym";
				ENABLE_NS_ASSERTIONS = NO;
				ENABLE_STRICT_OBJC_MSGSEND = YES;
				GCC_C_LANGUAGE_STANDARD = gnu11;
				GCC_NO_COMMON_BLOCKS = YES;
				GCC_WARN_64_TO_32_BIT_CONVERSION = YES;
				GCC_WARN_ABOUT_RETURN_TYPE = YES_ERROR;
				GCC_WARN_UNDECLARED_SELECTOR = YES;
				GCC_WARN_UNINITIALIZED_AUTOS = YES_AGGRESSIVE;
				GCC_WARN_UNUSED_FUNCTION = YES;
				GCC_WARN_UNUSED_VARIABLE = YES;
				IPHONEOS_DEPLOYMENT_TARGET = 12.1;
				MTL_ENABLE_DEBUG_INFO = NO;
				MTL_FAST_MATH = YES;
				SDKROOT = iphoneos;
				SWIFT_COMPILATION_MODE = wholemodule;
				SWIFT_OPTIMIZATION_LEVEL = "-O";
				VALIDATE_PRODUCT = YES;
			};
			name = Release;
		};
		8CA25F9021F5207700F05F99 /* Debug */ = {
			isa = XCBuildConfiguration;
			baseConfigurationReference = 11C61858C58FD276B389D4B8 /* Pods-Flint.debug.xcconfig */;
			buildSettings = {
				ASSETCATALOG_COMPILER_APPICON_NAME = AppIcon;
				CODE_SIGN_STYLE = Automatic;
				INFOPLIST_FILE = Flint/Info.plist;
				LD_RUNPATH_SEARCH_PATHS = (
					"$(inherited)",
					"@executable_path/Frameworks",
				);
				PRODUCT_BUNDLE_IDENTIFIER = com.charlesmartinreed.Flint;
				PRODUCT_NAME = "$(TARGET_NAME)";
				SWIFT_VERSION = 4.2;
				TARGETED_DEVICE_FAMILY = "1,2";
			};
			name = Debug;
		};
		8CA25F9121F5207700F05F99 /* Release */ = {
			isa = XCBuildConfiguration;
			baseConfigurationReference = 92878BF17DB97EA727373466 /* Pods-Flint.release.xcconfig */;
			buildSettings = {
				ASSETCATALOG_COMPILER_APPICON_NAME = AppIcon;
				CODE_SIGN_STYLE = Automatic;
				INFOPLIST_FILE = Flint/Info.plist;
				LD_RUNPATH_SEARCH_PATHS = (
					"$(inherited)",
					"@executable_path/Frameworks",
				);
				PRODUCT_BUNDLE_IDENTIFIER = com.charlesmartinreed.Flint;
				PRODUCT_NAME = "$(TARGET_NAME)";
				SWIFT_VERSION = 4.2;
				TARGETED_DEVICE_FAMILY = "1,2";
			};
			name = Release;
		};
/* End XCBuildConfiguration section */

/* Begin XCConfigurationList section */
		8CA25F7821F5207500F05F99 /* Build configuration list for PBXProject "Flint" */ = {
			isa = XCConfigurationList;
			buildConfigurations = (
				8CA25F8D21F5207700F05F99 /* Debug */,
				8CA25F8E21F5207700F05F99 /* Release */,
			);
			defaultConfigurationIsVisible = 0;
			defaultConfigurationName = Release;
		};
		8CA25F8F21F5207700F05F99 /* Build configuration list for PBXNativeTarget "Flint" */ = {
			isa = XCConfigurationList;
			buildConfigurations = (
				8CA25F9021F5207700F05F99 /* Debug */,
				8CA25F9121F5207700F05F99 /* Release */,
			);
			defaultConfigurationIsVisible = 0;
			defaultConfigurationName = Release;
		};
/* End XCConfigurationList section */
	};
	rootObject = 8CA25F7521F5207500F05F99 /* Project object */;
}
